
Microsoft Visual Studio Solution File, Format Version 12.00
# Visual Studio 15
VisualStudioVersion = 15.0.28307.421
MinimumVisualStudioVersion = 10.0.40219.1
Project("{FAE04EC0-301F-11D3-BF4B-00C04F79EFBC}") = "Desenare", "Desenare\Desenare.csproj", "{818542F9-39B8-4EE6-B053-BE09F17FB365}"
EndProject
Global
	GlobalSection(SolutionConfigurationPlatforms) = preSolution
		Debug|Any CPU = Debug|Any CPU
		Release|Any CPU = Release|Any CPU
	EndGlobalSection
	GlobalSection(ProjectConfigurationPlatforms) = postSolution
		{818542F9-39B8-4EE6-B053-BE09F17FB365}.Debug|Any CPU.ActiveCfg = Debug|Any CPU
		{818542F9-39B8-4EE6-B053-BE09F17FB365}.Debug|Any CPU.Build.0 = Debug|Any CPU
		{818542F9-39B8-4EE6-B053-BE09F17FB365}.Release|Any CPU.ActiveCfg = Release|Any CPU
		{818542F9-39B8-4EE6-B053-BE09F17FB365}.Release|Any CPU.Build.0 = Release|Any CPU
	EndGlobalSection
	GlobalSection(SolutionProperties) = preSolution
		HideSolutionNode = FALSE
	EndGlobalSection
	GlobalSection(ExtensibilityGlobals) = postSolution
		SolutionGuid = {7CDAA26F-AC85-4B2C-A783-C410A3AB9031}
	EndGlobalSection
EndGlobal
